<?xml version="1.0" encoding="UTF-8"?>
<Scheme
   LastUpgradeVersion = "1620"
   version = "1.7">
   <BuildAction
      parallelizeBuildables = "YES"
      buildImplicitDependencies = "YES"
      buildArchitectures = "Automatic">
      <PostActions>
         <ExecutionAction
            ActionType = "Xcode.IDEStandardExecutionActionsCore.ExecutionActionType.ShellScriptAction">
            <ActionContent
               title = "Clean"
               scriptText = "# Type a script or drag a script file from your workspace to insert its path.&#10;xcodebuild clean -scheme ImageScannerKit -configuration Release&#10;">
               <EnvironmentBuildable>
                  <BuildableReference
                     BuildableIdentifier = "primary"
                     BlueprintIdentifier = "878E85AC2D6EE04400DF6AE8"
                     BuildableName = "ImageScannerKit.framework"
                     BlueprintName = "ImageScannerKit"
                     ReferencedContainer = "container:ImageScannerKit.xcodeproj">
                  </BuildableReference>
               </EnvironmentBuildable>
            </ActionContent>
         </ExecutionAction>
         <ExecutionAction
            ActionType = "Xcode.IDEStandardExecutionActionsCore.ExecutionActionType.ShellScriptAction">
            <ActionContent
               title = "Build IOS"
               scriptText = "# Type a script or drag a script file from your workspace to insert its path.&#10;cd &quot;$PROJECT_DIR&quot;&#10;xcodebuild -scheme ImageScannerKit -destination &apos;generic/platform=iOS&apos; -configuration Release BUILD_LIBRARY_FOR_DISTRIBUTION=YES build&#10;">
               <EnvironmentBuildable>
                  <BuildableReference
                     BuildableIdentifier = "primary"
                     BlueprintIdentifier = "878E85AC2D6EE04400DF6AE8"
                     BuildableName = "ImageScannerKit.framework"
                     BlueprintName = "ImageScannerKit"
                     ReferencedContainer = "container:ImageScannerKit.xcodeproj">
                  </BuildableReference>
               </EnvironmentBuildable>
            </ActionContent>
         </ExecutionAction>
         <ExecutionAction
            ActionType = "Xcode.IDEStandardExecutionActionsCore.ExecutionActionType.ShellScriptAction">
            <ActionContent
               title = "Build Simulator"
               scriptText = "# Type a script or drag a script file from your workspace to insert its path.&#10;cd &quot;$PROJECT_DIR&quot;&#10;xcodebuild -scheme ImageScannerKit -destination &apos;generic/platform=iOS Simulator&apos; -configuration Release BUILD_LIBRARY_FOR_DISTRIBUTION=YES build&#10;">
               <EnvironmentBuildable>
                  <BuildableReference
                     BuildableIdentifier = "primary"
                     BlueprintIdentifier = "878E85AC2D6EE04400DF6AE8"
                     BuildableName = "ImageScannerKit.framework"
                     BlueprintName = "ImageScannerKit"
                     ReferencedContainer = "container:ImageScannerKit.xcodeproj">
                  </BuildableReference>
               </EnvironmentBuildable>
            </ActionContent>
         </ExecutionAction>
         <ExecutionAction
            ActionType = "Xcode.IDEStandardExecutionActionsCore.ExecutionActionType.ShellScriptAction">
            <ActionContent
               title = "Build Xcframework"
               scriptText = "# Type a script or drag a script file from your workspace to insert its path.&#10;cd &quot;$PROJECT_DIR&quot;&#10;xcodebuild -create-xcframework \&#10;-framework /Users/rubenmimoun/Library/Developer/Xcode/DerivedData/ImageScannerKit-gygtchoukzxghuemxnbohanyqvku/Build/Products/Release-iphoneos/ImageScannerKit.framework \&#10;-framework /Users/rubenmimoun/Library/Developer/Xcode/DerivedData/ImageScannerKit-gygtchoukzxghuemxnbohanyqvku/Build/Products/Release-iphonesimulator/ImageScannerKit.framework \&#10;-output ./xcframeworks/ImageScannerKit.xcframework&#10;">
               <EnvironmentBuildable>
                  <BuildableReference
                     BuildableIdentifier = "primary"
                     BlueprintIdentifier = "878E85AC2D6EE04400DF6AE8"
                     BuildableName = "ImageScannerKit.framework"
                     BlueprintName = "ImageScannerKit"
                     ReferencedContainer = "container:ImageScannerKit.xcodeproj">
                  </BuildableReference>
               </EnvironmentBuildable>
            </ActionContent>
         </ExecutionAction>
      </PostActions>
      <BuildActionEntries>
         <BuildActionEntry
            buildForTesting = "YES"
            buildForRunning = "YES"
            buildForProfiling = "YES"
            buildForArchiving = "YES"
            buildForAnalyzing = "YES">
            <BuildableReference
               BuildableIdentifier = "primary"
               BlueprintIdentifier = "878E85AC2D6EE04400DF6AE8"
               BuildableName = "ImageScannerKit.framework"
               BlueprintName = "ImageScannerKit"
               ReferencedContainer = "container:ImageScannerKit.xcodeproj">
            </BuildableReference>
         </BuildActionEntry>
      </BuildActionEntries>
   </BuildAction>
   <TestAction
      buildConfiguration = "Debug"
      selectedDebuggerIdentifier = "Xcode.DebuggerFoundation.Debugger.LLDB"
      selectedLauncherIdentifier = "Xcode.DebuggerFoundation.Launcher.LLDB"
      shouldUseLaunchSchemeArgsEnv = "YES"
      shouldAutocreateTestPlan = "YES">
   </TestAction>
   <LaunchAction
      buildConfiguration = "Debug"
      selectedDebuggerIdentifier = "Xcode.DebuggerFoundation.Debugger.LLDB"
      selectedLauncherIdentifier = "Xcode.DebuggerFoundation.Launcher.LLDB"
      launchStyle = "0"
      useCustomWorkingDirectory = "NO"
      ignoresPersistentStateOnLaunch = "NO"
      debugDocumentVersioning = "YES"
      debugServiceExtension = "internal"
      allowLocationSimulation = "YES">
   </LaunchAction>
   <ProfileAction
      buildConfiguration = "Release"
      shouldUseLaunchSchemeArgsEnv = "YES"
      savedToolIdentifier = ""
      useCustomWorkingDirectory = "NO"
      debugDocumentVersioning = "YES">
      <MacroExpansion>
         <BuildableReference
            BuildableIdentifier = "primary"
            BlueprintIdentifier = "878E85AC2D6EE04400DF6AE8"
            BuildableName = "ImageScannerKit.framework"
            BlueprintName = "ImageScannerKit"
            ReferencedContainer = "container:ImageScannerKit.xcodeproj">
         </BuildableReference>
      </MacroExpansion>
   </ProfileAction>
   <AnalyzeAction
      buildConfiguration = "Debug">
   </AnalyzeAction>
   <ArchiveAction
      buildConfiguration = "Release"
      revealArchiveInOrganizer = "YES">
   </ArchiveAction>
</Scheme>
